
Microsoft Visual Studio Solution File, Format Version 12.00
# Visual Studio Version 17
VisualStudioVersion = 17.9.34723.18
MinimumVisualStudioVersion = 10.0.40219.1
Project("{FAE04EC0-301F-11D3-BF4B-00C04F79EFBC}") = "OnlinePharmacy", "OnlinePharmacy.csproj", "{0E2E010B-229B-4C5F-98FD-679B51F054CA}"
EndProject
Global
	GlobalSection(SolutionConfigurationPlatforms) = preSolution
		Debug|Any CPU = Debug|Any CPU
		Release|Any CPU = Release|Any CPU
	EndGlobalSection
	GlobalSection(ProjectConfigurationPlatforms) = postSolution
		{0E2E010B-229B-4C5F-98FD-679B51F054CA}.Debug|Any CPU.ActiveCfg = Debug|Any CPU
		{0E2E010B-229B-4C5F-98FD-679B51F054CA}.Debug|Any CPU.Build.0 = Debug|Any CPU
		{0E2E010B-229B-4C5F-98FD-679B51F054CA}.Release|Any CPU.ActiveCfg = Release|Any CPU
		{0E2E010B-229B-4C5F-98FD-679B51F054CA}.Release|Any CPU.Build.0 = Release|Any CPU
	EndGlobalSection
	GlobalSection(SolutionProperties) = preSolution
		HideSolutionNode = FALSE
	EndGlobalSection
	GlobalSection(ExtensibilityGlobals) = postSolution
		SolutionGuid = {498861C7-57AE-42FB-B936-EEFC51A49AED}
	EndGlobalSection
EndGlobal
